Microsoft Visual Studio Solution File, Format Version 12.00
# Visual Studio Version 17
VisualStudioVersion = 17.5.2.0
MinimumVisualStudioVersion = 10.0.40219.1
Project("{FAE04EC0-301F-11D3-BF4B-00C04F79EFBC}") = "listener", "listener\listener.csproj", "{4DC5C058-6F5A-F932-C37A-8C6C93CAE8F4}"
EndProject
Global
	GlobalSection(SolutionConfigurationPlatforms) = preSolution
		Debug|Any CPU = Debug|Any CPU
		Release|Any CPU = Release|Any CPU
	EndGlobalSection
	GlobalSection(ProjectConfigurationPlatforms) = postSolution
		{4DC5C058-6F5A-F932-C37A-8C6C93CAE8F4}.Debug|Any CPU.ActiveCfg = Debug|Any CPU
		{4DC5C058-6F5A-F932-C37A-8C6C93CAE8F4}.Debug|Any CPU.Build.0 = Debug|Any CPU
		{4DC5C058-6F5A-F932-C37A-8C6C93CAE8F4}.Release|Any CPU.ActiveCfg = Release|Any CPU
		{4DC5C058-6F5A-F932-C37A-8C6C93CAE8F4}.Release|Any CPU.Build.0 = Release|Any CPU
	EndGlobalSection
	GlobalSection(SolutionProperties) = preSolution
		HideSolutionNode = FALSE
	EndGlobalSection
	GlobalSection(ExtensibilityGlobals) = postSolution
		SolutionGuid = {BC5EF8E8-F6EE-4448-8ED8-52D4214CDD06}
	EndGlobalSection
EndGlobal
